Microsoft Visual Studio Solution File, Format Version 12.00
# Visual Studio 15
VisualStudioVersion = 15.0.28307.106
MinimumVisualStudioVersion = 10.0.40219.1
Project("{9A19103F-16F7-4668-BE54-9A1E7A4F7556}") = "FactoryTalk_Optix_PC_Shutdown", "FactoryTalk_Optix_PC_Shutdown.csproj", "{EC5D72D8-D1CB-8DDA-61A2-5C7FEDBF452F}"
EndProject
Global
    GlobalSection(SolutionConfigurationPlatforms) = preSolution
        Debug|Any CPU = Debug|Any CPU
        Release|Any CPU = Release|Any CPU
    EndGlobalSection
    GlobalSection(ProjectConfigurationPlatforms) = postSolution
        {EC5D72D8-D1CB-8DDA-61A2-5C7FEDBF452F}.Debug|Any CPU.ActiveCfg = Debug|Any CPU
        {EC5D72D8-D1CB-8DDA-61A2-5C7FEDBF452F}.Debug|Any CPU.Build.0 = Debug|Any CPU
        {EC5D72D8-D1CB-8DDA-61A2-5C7FEDBF452F}.Release|Any CPU.ActiveCfg = Release|Any CPU
        {EC5D72D8-D1CB-8DDA-61A2-5C7FEDBF452F}.Release|Any CPU.Build.0 = Release|Any CPU
    EndGlobalSection
    GlobalSection(SolutionProperties) = preSolution
        HideSolutionNode = FALSE
    EndGlobalSection
EndGlobal
